
Microsoft Visual Studio Solution File, Format Version 12.00
# Visual Studio Version 17
VisualStudioVersion = 17.14.36203.30
MinimumVisualStudioVersion = 10.0.40219.1
Project("{FAE04EC0-301F-11D3-BF4B-00C04F79EFBC}") = "Autenticador.Api", "Autenticador.Api\Autenticador.Api.csproj", "{C3A4A0D3-0511-4F79-9224-403DBABB2D6D}"
EndProject
Project("{FAE04EC0-301F-11D3-BF4B-00C04F79EFBC}") = "Autenticador.Domain", "Autenticador.Domain\Autenticador.Domain.csproj", "{461825C2-DB44-4360-A105-003D41487E97}"
EndProject
Project("{FAE04EC0-301F-11D3-BF4B-00C04F79EFBC}") = "Autenticador.Application", "Autenticador.Application\Autenticador.Application.csproj", "{9ED85C7B-B63E-4A25-9524-8DBC3D13F16A}"
EndProject
Project("{FAE04EC0-301F-11D3-BF4B-00C04F79EFBC}") = "Autenticador.Infrastructure", "Autenticador.Infrastructure\Autenticador.Infrastructure.csproj", "{738D8741-41DE-4844-9F73-F9D5E689AFAC}"
EndProject
Global
	GlobalSection(SolutionConfigurationPlatforms) = preSolution
		Debug|Any CPU = Debug|Any CPU
		Release|Any CPU = Release|Any CPU
	EndGlobalSection
	GlobalSection(ProjectConfigurationPlatforms) = postSolution
		{C3A4A0D3-0511-4F79-9224-403DBABB2D6D}.Debug|Any CPU.ActiveCfg = Debug|Any CPU
		{C3A4A0D3-0511-4F79-9224-403DBABB2D6D}.Debug|Any CPU.Build.0 = Debug|Any CPU
		{C3A4A0D3-0511-4F79-9224-403DBABB2D6D}.Release|Any CPU.ActiveCfg = Release|Any CPU
		{C3A4A0D3-0511-4F79-9224-403DBABB2D6D}.Release|Any CPU.Build.0 = Release|Any CPU
		{461825C2-DB44-4360-A105-003D41487E97}.Debug|Any CPU.ActiveCfg = Debug|Any CPU
		{461825C2-DB44-4360-A105-003D41487E97}.Debug|Any CPU.Build.0 = Debug|Any CPU
		{461825C2-DB44-4360-A105-003D41487E97}.Release|Any CPU.ActiveCfg = Release|Any CPU
		{461825C2-DB44-4360-A105-003D41487E97}.Release|Any CPU.Build.0 = Release|Any CPU
		{9ED85C7B-B63E-4A25-9524-8DBC3D13F16A}.Debug|Any CPU.ActiveCfg = Debug|Any CPU
		{9ED85C7B-B63E-4A25-9524-8DBC3D13F16A}.Debug|Any CPU.Build.0 = Debug|Any CPU
		{9ED85C7B-B63E-4A25-9524-8DBC3D13F16A}.Release|Any CPU.ActiveCfg = Release|Any CPU
		{9ED85C7B-B63E-4A25-9524-8DBC3D13F16A}.Release|Any CPU.Build.0 = Release|Any CPU
		{738D8741-41DE-4844-9F73-F9D5E689AFAC}.Debug|Any CPU.ActiveCfg = Debug|Any CPU
		{738D8741-41DE-4844-9F73-F9D5E689AFAC}.Debug|Any CPU.Build.0 = Debug|Any CPU
		{738D8741-41DE-4844-9F73-F9D5E689AFAC}.Release|Any CPU.ActiveCfg = Release|Any CPU
		{738D8741-41DE-4844-9F73-F9D5E689AFAC}.Release|Any CPU.Build.0 = Release|Any CPU
	EndGlobalSection
	GlobalSection(SolutionProperties) = preSolution
		HideSolutionNode = FALSE
	EndGlobalSection
	GlobalSection(ExtensibilityGlobals) = postSolution
		SolutionGuid = {2C26802D-1C1A-4B41-A15A-05DC46C2970E}
	EndGlobalSection
EndGlobal
